
Microsoft Visual Studio Solution File, Format Version 12.00
# Visual Studio Version 16
VisualStudioVersion = 16.0.808.4
MinimumVisualStudioVersion = 10.0.40219.1
Project("{FAE04EC0-301F-11D3-BF4B-00C04F79EFBC}") = "proje3", "proje3\proje3.csproj", "{CDFE2743-D379-431E-83E9-62A27CF04D88}"
EndProject
Global
	GlobalSection(SolutionConfigurationPlatforms) = preSolution
		Debug|anycpu = Debug|anycpu
		Release|anycpu = Release|anycpu
	EndGlobalSection
	GlobalSection(ProjectConfigurationPlatforms) = postSolution
		{CDFE2743-D379-431E-83E9-62A27CF04D88}.Debug|anycpu.ActiveCfg = Debug|anycpu
		{CDFE2743-D379-431E-83E9-62A27CF04D88}.Debug|anycpu.Build.0 = Debug|anycpu
		{CDFE2743-D379-431E-83E9-62A27CF04D88}.Release|anycpu.ActiveCfg = Release|anycpu
		{CDFE2743-D379-431E-83E9-62A27CF04D88}.Release|anycpu.Build.0 = Release|anycpu
	EndGlobalSection
	GlobalSection(SolutionProperties) = preSolution
		HideSolutionNode = FALSE
	EndGlobalSection
	GlobalSection(ExtensibilityGlobals) = postSolution
		SolutionGuid = {6105BEC0-CE61-4D3B-B399-F80CC1D9817D}
	EndGlobalSection
EndGlobal
